// !$*UTF8*$!
{
	archiveVersion = 1;
	classes = {
	};
	objectVersion = 56;
	objects = {

/* Begin PBXBuildFile section */
		415871FC2B60B3DA0043D30F /* AppDelegate.swift in Sources */ = {isa = PBXBuildFile; fileRef = 415871FB2B60B3DA0043D30F /* AppDelegate.swift */; };
		415871FE2B60B3DA0043D30F /* SceneDelegate.swift in Sources */ = {isa = PBXBuildFile; fileRef = 415871FD2B60B3DA0043D30F /* SceneDelegate.swift */; };
		415872002B60B3DA0043D30F /* ViewController.swift in Sources */ = {isa = PBXBuildFile; fileRef = 415871FF2B60B3DA0043D30F /* ViewController.swift */; };
		415872032B60B3DA0043D30F /* Main.storyboard in Resources */ = {isa = PBXBuildFile; fileRef = 415872012B60B3DA0043D30F /* Main.storyboard */; };
		415872052B60B3DB0043D30F /* Assets.xcassets in Resources */ = {isa = PBXBuildFile; fileRef = 415872042B60B3DB0043D30F /* Assets.xcassets */; };
		415872082B60B3DB0043D30F /* LaunchScreen.storyboard in Resources */ = {isa = PBXBuildFile; fileRef = 415872062B60B3DB0043D30F /* LaunchScreen.storyboard */; };
		415AA8B62B7C0A86002B5CF7 /* CreateNewTrackerViewController.swift in Sources */ = {isa = PBXBuildFile; fileRef = 415AA8B52B7C0A86002B5CF7 /* CreateNewTrackerViewController.swift */; };
		415AA8BC2B7C2546002B5CF7 /* PhysiciansViewController.swift in Sources */ = {isa = PBXBuildFile; fileRef = 415AA8BB2B7C2546002B5CF7 /* PhysiciansViewController.swift */; };
		41E8980F2B979A1200DE561D /* medTracker.swift in Sources */ = {isa = PBXBuildFile; fileRef = 41E8980E2B979A1200DE561D /* medTracker.swift */; };
		41E898152B97F55E00DE561D /* TrackerRow.swift in Sources */ = {isa = PBXBuildFile; fileRef = 41E898142B97F55E00DE561D /* TrackerRow.swift */; };
		41E898172B97F8B000DE561D /* MedTrackerStore.swift in Sources */ = {isa = PBXBuildFile; fileRef = 41E898162B97F8B000DE561D /* MedTrackerStore.swift */; };
		41E8981B2B98117B00DE561D /* TrackersListViewModel.swift in Sources */ = {isa = PBXBuildFile; fileRef = 41E8981A2B98117B00DE561D /* TrackersListViewModel.swift */; };
		41E8981D2B9812DF00DE561D /* TrackersListView.swift in Sources */ = {isa = PBXBuildFile; fileRef = 41E8981C2B9812DF00DE561D /* TrackersListView.swift */; };
		41EAD9532B8A517000B5224F /* DosageSchedule.swift in Sources */ = {isa = PBXBuildFile; fileRef = 41EAD9522B8A517000B5224F /* DosageSchedule.swift */; };
/* End PBXBuildFile section */

/* Begin PBXFileReference section */
		415871F82B60B3DA0043D30F /* MedTracker.app */ = {isa = PBXFileReference; explicitFileType = wrapper.application; includeInIndex = 0; path = MedTracker.app; sourceTree = BUILT_PRODUCTS_DIR; };
		415871FB2B60B3DA0043D30F /* AppDelegate.swift */ = {isa = PBXFileReference; lastKnownFileType = sourcecode.swift; path = AppDelegate.swift; sourceTree = "<group>"; };
		415871FD2B60B3DA0043D30F /* SceneDelegate.swift */ = {isa = PBXFileReference; lastKnownFileType = sourcecode.swift; path = SceneDelegate.swift; sourceTree = "<group>"; };
		415871FF2B60B3DA0043D30F /* ViewController.swift */ = {isa = PBXFileReference; lastKnownFileType = sourcecode.swift; path = ViewController.swift; sourceTree = "<group>"; };
		415872022B60B3DA0043D30F /* Base */ = {isa = PBXFileReference; lastKnownFileType = file.storyboard; name = Base; path = Base.lproj/Main.storyboard; sourceTree = "<group>"; };
		415872042B60B3DB0043D30F /* Assets.xcassets */ = {isa = PBXFileReference; lastKnownFileType = folder.assetcatalog; path = Assets.xcassets; sourceTree = "<group>"; };
		415872072B60B3DB0043D30F /* Base */ = {isa = PBXFileReference; lastKnownFileType = file.storyboard; name = Base; path = Base.lproj/LaunchScreen.storyboard; sourceTree = "<group>"; };
		415872092B60B3DB0043D30F /* Info.plist */ = {isa = PBXFileReference; lastKnownFileType = text.plist.xml; path = Info.plist; sourceTree = "<group>"; };
		415AA8B52B7C0A86002B5CF7 /* CreateNewTrackerViewController.swift */ = {isa = PBXFileReference; lastKnownFileType = sourcecode.swift; path = CreateNewTrackerViewController.swift; sourceTree = "<group>"; };
		415AA8BB2B7C2546002B5CF7 /* PhysiciansViewController.swift */ = {isa = PBXFileReference; lastKnownFileType = sourcecode.swift; path = PhysiciansViewController.swift; sourceTree = "<group>"; };
		41E8980E2B979A1200DE561D /* medTracker.swift */ = {isa = PBXFileReference; lastKnownFileType = sourcecode.swift; path = medTracker.swift; sourceTree = "<group>"; };
		41E898142B97F55E00DE561D /* TrackerRow.swift */ = {isa = PBXFileReference; lastKnownFileType = sourcecode.swift; path = TrackerRow.swift; sourceTree = "<group>"; };
		41E898162B97F8B000DE561D /* MedTrackerStore.swift */ = {isa = PBXFileReference; lastKnownFileType = sourcecode.swift; path = MedTrackerStore.swift; sourceTree = "<group>"; };
		41E8981A2B98117B00DE561D /* TrackersListViewModel.swift */ = {isa = PBXFileReference; lastKnownFileType = sourcecode.swift; path = TrackersListViewModel.swift; sourceTree = "<group>"; };
		41E8981C2B9812DF00DE561D /* TrackersListView.swift */ = {isa = PBXFileReference; lastKnownFileType = sourcecode.swift; path = TrackersListView.swift; sourceTree = "<group>"; };
		41EAD9522B8A517000B5224F /* DosageSchedule.swift */ = {isa = PBXFileReference; lastKnownFileType = sourcecode.swift; path = DosageSchedule.swift; sourceTree = "<group>"; };
/* End PBXFileReference section */

/* Begin PBXFrameworksBuildPhase section */
		415871F52B60B3DA0043D30F /* Frameworks */ = {
			isa = PBXFrameworksBuildPhase;
			buildActionMask = 2147483647;
			files = (
			);
			runOnlyForDeploymentPostprocessing = 0;
		};
/* End PBXFrameworksBuildPhase section */

/* Begin PBXGroup section */
		415871EF2B60B3DA0043D30F = {
			isa = PBXGroup;
			children = (
				415871FA2B60B3DA0043D30F /* MedTracker */,
				415871F92B60B3DA0043D30F /* Products */,
			);
			sourceTree = "<group>";
		};
		415871F92B60B3DA0043D30F /* Products */ = {
			isa = PBXGroup;
			children = (
				415871F82B60B3DA0043D30F /* MedTracker.app */,
			);
			name = Products;
			sourceTree = "<group>";
		};
		415871FA2B60B3DA0043D30F /* MedTracker */ = {
			isa = PBXGroup;
			children = (
				41E8980D2B9794DF00DE561D /* Model */,
				41EAD9522B8A517000B5224F /* DosageSchedule.swift */,
				415AA8BB2B7C2546002B5CF7 /* PhysiciansViewController.swift */,
				415AA8B52B7C0A86002B5CF7 /* CreateNewTrackerViewController.swift */,
				415871FB2B60B3DA0043D30F /* AppDelegate.swift */,
				415871FD2B60B3DA0043D30F /* SceneDelegate.swift */,
				415871FF2B60B3DA0043D30F /* ViewController.swift */,
				415872012B60B3DA0043D30F /* Main.storyboard */,
				415872042B60B3DB0043D30F /* Assets.xcassets */,
				415872062B60B3DB0043D30F /* LaunchScreen.storyboard */,
				415872092B60B3DB0043D30F /* Info.plist */,
				41E898142B97F55E00DE561D /* TrackerRow.swift */,
				41E8981A2B98117B00DE561D /* TrackersListViewModel.swift */,
				41E8981C2B9812DF00DE561D /* TrackersListView.swift */,
			);
			path = MedTracker;
			sourceTree = "<group>";
		};
		41E8980D2B9794DF00DE561D /* Model */ = {
			isa = PBXGroup;
			children = (
				41E8980E2B979A1200DE561D /* medTracker.swift */,
				41E898162B97F8B000DE561D /* MedTrackerStore.swift */,
			);
			path = Model;
			sourceTree = "<group>";
		};
/* End PBXGroup section */

/* Begin PBXNativeTarget section */
		415871F72B60B3DA0043D30F /* MedTracker */ = {
			isa = PBXNativeTarget;
			buildConfigurationList = 4158720C2B60B3DB0043D30F /* Build configuration list for PBXNativeTarget "MedTracker" */;
			buildPhases = (
				415871F42B60B3DA0043D30F /* Sources */,
				415871F52B60B3DA0043D30F /* Frameworks */,
				415871F62B60B3DA0043D30F /* Resources */,
			);
			buildRules = (
			);
			dependencies = (
			);
			name = MedTracker;
			productName = MedTracker;
			productReference = 415871F82B60B3DA0043D30F /* MedTracker.app */;
			productType = "com.apple.product-type.application";
		};
/* End PBXNativeTarget section */

/* Begin PBXProject section */
		415871F02B60B3DA0043D30F /* Project object */ = {
			isa = PBXProject;
			attributes = {
				BuildIndependentTargetsInParallel = 1;
				LastSwiftUpdateCheck = 1430;
				LastUpgradeCheck = 1430;
				TargetAttributes = {
					415871F72B60B3DA0043D30F = {
						CreatedOnToolsVersion = 14.3.1;
					};
				};
			};
			buildConfigurationList = 415871F32B60B3DA0043D30F /* Build configuration list for PBXProject "MedTracker" */;
			compatibilityVersion = "Xcode 14.0";
			developmentRegion = en;
			hasScannedForEncodings = 0;
			knownRegions = (
				en,
				Base,
			);
			mainGroup = 415871EF2B60B3DA0043D30F;
			productRefGroup = 415871F92B60B3DA0043D30F /* Products */;
			projectDirPath = "";
			projectRoot = "";
			targets = (
				415871F72B60B3DA0043D30F /* MedTracker */,
			);
		};
/* End PBXProject section */

/* Begin PBXResourcesBuildPhase section */
		415871F62B60B3DA0043D30F /* Resources */ = {
			isa = PBXResourcesBuildPhase;
			buildActionMask = 2147483647;
			files = (
				415872082B60B3DB0043D30F /* LaunchScreen.storyboard in Resources */,
				415872052B60B3DB0043D30F /* Assets.xcassets in Resources */,
				415872032B60B3DA0043D30F /* Main.storyboard in Resources */,
			);
			runOnlyForDeploymentPostprocessing = 0;
		};
/* End PBXResourcesBuildPhase section */

/* Begin PBXSourcesBuildPhase section */
		415871F42B60B3DA0043D30F /* Sources */ = {
			isa = PBXSourcesBuildPhase;
			buildActionMask = 2147483647;
			files = (
				415AA8B62B7C0A86002B5CF7 /* CreateNewTrackerViewController.swift in Sources */,
				415872002B60B3DA0043D30F /* ViewController.swift in Sources */,
				415871FC2B60B3DA0043D30F /* AppDelegate.swift in Sources */,
				415AA8BC2B7C2546002B5CF7 /* PhysiciansViewController.swift in Sources */,
				41E8980F2B979A1200DE561D /* medTracker.swift in Sources */,
				41E898152B97F55E00DE561D /* TrackerRow.swift in Sources */,
				415871FE2B60B3DA0043D30F /* SceneDelegate.swift in Sources */,
				41EAD9532B8A517000B5224F /* DosageSchedule.swift in Sources */,
				41E898172B97F8B000DE561D /* MedTrackerStore.swift in Sources */,
				41E8981B2B98117B00DE561D /* TrackersListViewModel.swift in Sources */,
				41E8981D2B9812DF00DE561D /* TrackersListView.swift in Sources */,
			);
			runOnlyForDeploymentPostprocessing = 0;
		};
/* End PBXSourcesBuildPhase section */

/* Begin PBXVariantGroup section */
		415872012B60B3DA0043D30F /* Main.storyboard */ = {
			isa = PBXVariantGroup;
			children = (
				415872022B60B3DA0043D30F /* Base */,
			);
			name = Main.storyboard;
			sourceTree = "<group>";
		};
		415872062B60B3DB0043D30F /* LaunchScreen.storyboard */ = {
			isa = PBXVariantGroup;
			children = (
				415872072B60B3DB0043D30F /* Base */,
			);
			name = LaunchScreen.storyboard;
			sourceTree = "<group>";
		};
/* End PBXVariantGroup section */

/* Begin XCBuildConfiguration section */
		4158720A2B60B3DB0043D30F /* Debug */ = {
			isa = XCBuildConfiguration;
			buildSettings = {
				ALWAYS_SEARCH_USER_PATHS = NO;
				CLANG_ANALYZER_NONNULL = YES;
				CLANG_ANALYZER_NUMBER_OBJECT_CONVERSION = YES_AGGRESSIVE;
				CLANG_CXX_LANGUAGE_STANDARD = "gnu++20";
				CLANG_ENABLE_MODULES = YES;
				CLANG_ENABLE_OBJC_ARC = YES;
				CLANG_ENABLE_OBJC_WEAK = YES;
				CLANG_WARN_BLOCK_CAPTURE_AUTORELEASING = YES;
				CLANG_WARN_BOOL_CONVERSION = YES;
				CLANG_WARN_COMMA = YES;
				CLANG_WARN_CONSTANT_CONVERSION = YES;
				CLANG_WARN_DEPRECATED_OBJC_IMPLEMENTATIONS = YES;
				CLANG_WARN_DIRECT_OBJC_ISA_USAGE = YES_ERROR;
				CLANG_WARN_DOCUMENTATION_COMMENTS = YES;
				CLANG_WARN_EMPTY_BODY = YES;
				CLANG_WARN_ENUM_CONVERSION = YES;
				CLANG_WARN_INFINITE_RECURSION = YES;
				CLANG_WARN_INT_CONVERSION = YES;
				CLANG_WARN_NON_LITERAL_NULL_CONVERSION = YES;
				CLANG_WARN_OBJC_IMPLICIT_RETAIN_SELF = YES;
				CLANG_WARN_OBJC_LITERAL_CONVERSION = YES;
				CLANG_WARN_OBJC_ROOT_CLASS = YES_ERROR;
				CLANG_WARN_QUOTED_INCLUDE_IN_FRAMEWORK_HEADER = YES;
				CLANG_WARN_RANGE_LOOP_ANALYSIS = YES;
				CLANG_WARN_STRICT_PROTOTYPES = YES;
				CLANG_WARN_SUSPICIOUS_MOVE = YES;
				CLANG_WARN_UNGUARDED_AVAILABILITY = YES_AGGRESSIVE;
				CLANG_WARN_UNREACHABLE_CODE = YES;
				CLANG_WARN__DUPLICATE_METHOD_MATCH = YES;
				COPY_PHASE_STRIP = NO;
				DEBUG_INFORMATION_FORMAT = dwarf;
				ENABLE_STRICT_OBJC_MSGSEND = YES;
				ENABLE_TESTABILITY = YES;
				GCC_C_LANGUAGE_STANDARD = gnu11;
				GCC_DYNAMIC_NO_PIC = NO;
				GCC_NO_COMMON_BLOCKS = YES;
				GCC_OPTIMIZATION_LEVEL = 0;
				GCC_PREPROCESSOR_DEFINITIONS = (
					"DEBUG=1",
					"$(inherited)",
				);
				GCC_WARN_64_TO_32_BIT_CONVERSION = YES;
				GCC_WARN_ABOUT_RETURN_TYPE = YES_ERROR;
				GCC_WARN_UNDECLARED_SELECTOR = YES;
				GCC_WARN_UNINITIALIZED_AUTOS = YES_AGGRESSIVE;
				GCC_WARN_UNUSED_FUNCTION = YES;
				GCC_WARN_UNUSED_VARIABLE = YES;
				IPHONEOS_DEPLOYMENT_TARGET = 17.0;
				MTL_ENABLE_DEBUG_INFO = INCLUDE_SOURCE;
				MTL_FAST_MATH = YES;
				ONLY_ACTIVE_ARCH = YES;
				SDKROOT = iphoneos;
				SWIFT_ACTIVE_COMPILATION_CONDITIONS = DEBUG;
				SWIFT_OPTIMIZATION_LEVEL = "-Onone";
			};
			name = Debug;
		};
		4158720B2B60B3DB0043D30F /* Release */ = {
			isa = XCBuildConfiguration;
			buildSettings = {
				ALWAYS_SEARCH_USER_PATHS = NO;
				CLANG_ANALYZER_NONNULL = YES;
				CLANG_ANALYZER_NUMBER_OBJECT_CONVERSION = YES_AGGRESSIVE;
				CLANG_CXX_LANGUAGE_STANDARD = "gnu++20";
				CLANG_ENABLE_MODULES = YES;
				CLANG_ENABLE_OBJC_ARC = YES;
				CLANG_ENABLE_OBJC_WEAK = YES;
				CLANG_WARN_BLOCK_CAPTURE_AUTORELEASING = YES;
				CLANG_WARN_BOOL_CONVERSION = YES;
				CLANG_WARN_COMMA = YES;
				CLANG_WARN_CONSTANT_CONVERSION = YES;
				CLANG_WARN_DEPRECATED_OBJC_IMPLEMENTATIONS = YES;
				CLANG_WARN_DIRECT_OBJC_ISA_USAGE = YES_ERROR;
				CLANG_WARN_DOCUMENTATION_COMMENTS = YES;
				CLANG_WARN_EMPTY_BODY = YES;
				CLANG_WARN_ENUM_CONVERSION = YES;
				CLANG_WARN_INFINITE_RECURSION = YES;
				CLANG_WARN_INT_CONVERSION = YES;
				CLANG_WARN_NON_LITERAL_NULL_CONVERSION = YES;
				CLANG_WARN_OBJC_IMPLICIT_RETAIN_SELF = YES;
				CLANG_WARN_OBJC_LITERAL_CONVERSION = YES;
				CLANG_WARN_OBJC_ROOT_CLASS = YES_ERROR;
				CLANG_WARN_QUOTED_INCLUDE_IN_FRAMEWORK_HEADER = YES;
				CLANG_WARN_RANGE_LOOP_ANALYSIS = YES;
				CLANG_WARN_STRICT_PROTOTYPES = YES;
				CLANG_WARN_SUSPICIOUS_MOVE = YES;
				CLANG_WARN_UNGUARDED_AVAILABILITY = YES_AGGRESSIVE;
				CLANG_WARN_UNREACHABLE_CODE = YES;
				CLANG_WARN__DUPLICATE_METHOD_MATCH = YES;
				COPY_PHASE_STRIP = NO;
				DEBUG_INFORMATION_FORMAT = "dwarf-with-dsym";
				ENABLE_NS_ASSERTIONS = NO;
				ENABLE_STRICT_OBJC_MSGSEND = YES;
				GCC_C_LANGUAGE_STANDARD = gnu11;
				GCC_NO_COMMON_BLOCKS = YES;
				GCC_WARN_64_TO_32_BIT_CONVERSION = YES;
				GCC_WARN_ABOUT_RETURN_TYPE = YES_ERROR;
				GCC_WARN_UNDECLARED_SELECTOR = YES;
				GCC_WARN_UNINITIALIZED_AUTOS = YES_AGGRESSIVE;
				GCC_WARN_UNUSED_FUNCTION = YES;
				GCC_WARN_UNUSED_VARIABLE = YES;
				IPHONEOS_DEPLOYMENT_TARGET = 17.0;
				MTL_ENABLE_DEBUG_INFO = NO;
				MTL_FAST_MATH = YES;
				SDKROOT = iphoneos;
				SWIFT_COMPILATION_MODE = wholemodule;
				SWIFT_OPTIMIZATION_LEVEL = "-O";
				VALIDATE_PRODUCT = YES;
			};
			name = Release;
		};
		4158720D2B60B3DB0043D30F /* Debug */ = {
			isa = XCBuildConfiguration;
			buildSettings = {
				ASSETCATALOG_COMPILER_APPICON_NAME = AppIcon;
				ASSETCATALOG_COMPILER_GLOBAL_ACCENT_COLOR_NAME = AccentColor;
				CODE_SIGN_STYLE = Automatic;
				CURRENT_PROJECT_VERSION = 1;
				GENERATE_INFOPLIST_FILE = YES;
				INFOPLIST_FILE = MedTracker/Info.plist;
				INFOPLIST_KEY_UIApplicationSupportsIndirectInputEvents = YES;
				INFOPLIST_KEY_UILaunchStoryboardName = LaunchScreen;
				INFOPLIST_KEY_UIMainStoryboardFile = Main;
				INFOPLIST_KEY_UISupportedInterfaceOrientations_iPad = "UIInterfaceOrientationPortrait UIInterfaceOrientationPortraitUpsideDown UIInterfaceOrientationLandscapeLeft UIInterfaceOrientationLandscapeRight";
				INFOPLIST_KEY_UISupportedInterfaceOrientations_iPhone = "UIInterfaceOrientationPortrait UIInterfaceOrientationLandscapeLeft UIInterfaceOrientationLandscapeRight";
				LD_RUNPATH_SEARCH_PATHS = (
					"$(inherited)",
					"@executable_path/Frameworks",
				);
				MARKETING_VERSION = 1.0;
				PRODUCT_BUNDLE_IDENTIFIER = com.example.kalyan.MedTracker;
				PRODUCT_NAME = "$(TARGET_NAME)";
				SWIFT_EMIT_LOC_STRINGS = YES;
				SWIFT_VERSION = 5.0;
				TARGETED_DEVICE_FAMILY = "1,2";
			};
			name = Debug;
		};
		4158720E2B60B3DB0043D30F /* Release */ = {
			isa = XCBuildConfiguration;
			buildSettings = {
				ASSETCATALOG_COMPILER_APPICON_NAME = AppIcon;
				ASSETCATALOG_COMPILER_GLOBAL_ACCENT_COLOR_NAME = AccentColor;
				CODE_SIGN_STYLE = Automatic;
				CURRENT_PROJECT_VERSION = 1;
				GENERATE_INFOPLIST_FILE = YES;
				INFOPLIST_FILE = MedTracker/Info.plist;
				INFOPLIST_KEY_UIApplicationSupportsIndirectInputEvents = YES;
				INFOPLIST_KEY_UILaunchStoryboardName = LaunchScreen;
				INFOPLIST_KEY_UIMainStoryboardFile = Main;
				INFOPLIST_KEY_UISupportedInterfaceOrientations_iPad = "UIInterfaceOrientationPortrait UIInterfaceOrientationPortraitUpsideDown UIInterfaceOrientationLandscapeLeft UIInterfaceOrientationLandscapeRight";
				INFOPLIST_KEY_UISupportedInterfaceOrientations_iPhone = "UIInterfaceOrientationPortrait UIInterfaceOrientationLandscapeLeft UIInterfaceOrientationLandscapeRight";
				LD_RUNPATH_SEARCH_PATHS = (
					"$(inherited)",
					"@executable_path/Frameworks",
				);
				MARKETING_VERSION = 1.0;
				PRODUCT_BUNDLE_IDENTIFIER = com.example.kalyan.MedTracker;
				PRODUCT_NAME = "$(TARGET_NAME)";
				SWIFT_EMIT_LOC_STRINGS = YES;
				SWIFT_VERSION = 5.0;
				TARGETED_DEVICE_FAMILY = "1,2";
			};
			name = Release;
		};
/* End XCBuildConfiguration section */

/* Begin XCConfigurationList section */
		415871F32B60B3DA0043D30F /* Build configuration list for PBXProject "MedTracker" */ = {
			isa = XCConfigurationList;
			buildConfigurations = (
				4158720A2B60B3DB0043D30F /* Debug */,
				4158720B2B60B3DB0043D30F /* Release */,
			);
			defaultConfigurationIsVisible = 0;
			defaultConfigurationName = Release;
		};
		4158720C2B60B3DB0043D30F /* Build configuration list for PBXNativeTarget "MedTracker" */ = {
			isa = XCConfigurationList;
			buildConfigurations = (
				4158720D2B60B3DB0043D30F /* Debug */,
				4158720E2B60B3DB0043D30F /* Release */,
			);
			defaultConfigurationIsVisible = 0;
			defaultConfigurationName = Release;
		};
/* End XCConfigurationList section */
	};
	rootObject = 415871F02B60B3DA0043D30F /* Project object */;
}
